// !$*UTF8*$!
{
	archiveVersion = 1;
	classes = {
	};
	objectVersion = 77;
	objects = {

/* Begin PBXBuildFile section */
		04B528CCBE8813ED6685449D /* Pods_OutbreakMatches.framework in Frameworks */ = {isa = PBXBuildFile; fileRef = DEBD8676AB036F8427FC208C /* Pods_OutbreakMatches.framework */; };
		504121FD28E2DABCB50C6029 /* Pods_OutbreakMatchesTests.framework in Frameworks */ = {isa = PBXBuildFile; fileRef = 707B72159F34766C5800CE2C /* Pods_OutbreakMatchesTests.framework */; };
		90A176756B1DBD296F4B49B7 /* Pods_OutbreakMatches_OutbreakMatchesUITests.framework in Frameworks */ = {isa = PBXBuildFile; fileRef = 265CBB83E5A3E7C777C1D3A0 /* Pods_OutbreakMatches_OutbreakMatchesUITests.framework */; };
/* End PBXBuildFile section */

/* Begin PBXContainerItemProxy section */
		3172DDCF2EF0F78500698910 /* PBXContainerItemProxy */ = {
			isa = PBXContainerItemProxy;
			containerPortal = 3172DDB02EF0F78300698910 /* Project object */;
			proxyType = 1;
			remoteGlobalIDString = 3172DDB72EF0F78300698910;
			remoteInfo = OutbreakMatches;
		};
		3172DDD92EF0F78500698910 /* PBXContainerItemProxy */ = {
			isa = PBXContainerItemProxy;
			containerPortal = 3172DDB02EF0F78300698910 /* Project object */;
			proxyType = 1;
			remoteGlobalIDString = 3172DDB72EF0F78300698910;
			remoteInfo = OutbreakMatches;
		};
/* End PBXContainerItemProxy section */

/* Begin PBXFileReference section */
		0A0662F17514711C4A9EABC0 /* Pods-OutbreakMatches.release.xcconfig */ = {isa = PBXFileReference; includeInIndex = 1; lastKnownFileType = text.xcconfig; name = "Pods-OutbreakMatches.release.xcconfig"; path = "Target Support Files/Pods-OutbreakMatches/Pods-OutbreakMatches.release.xcconfig"; sourceTree = "<group>"; };
		1A8DB8E4093A32388CE8A750 /* Pods-OutbreakMatchesTests.release.xcconfig */ = {isa = PBXFileReference; includeInIndex = 1; lastKnownFileType = text.xcconfig; name = "Pods-OutbreakMatchesTests.release.xcconfig"; path = "Target Support Files/Pods-OutbreakMatchesTests/Pods-OutbreakMatchesTests.release.xcconfig"; sourceTree = "<group>"; };
		265CBB83E5A3E7C777C1D3A0 /* Pods_OutbreakMatches_OutbreakMatchesUITests.framework */ = {isa = PBXFileReference; explicitFileType = wrapper.framework; includeInIndex = 0; path = Pods_OutbreakMatches_OutbreakMatchesUITests.framework; sourceTree = BUILT_PRODUCTS_DIR; };
		2D672732DED6EE70338EDBC7 /* Pods-OutbreakMatches-OutbreakMatchesUITests.debug.xcconfig */ = {isa = PBXFileReference; includeInIndex = 1; lastKnownFileType = text.xcconfig; name = "Pods-OutbreakMatches-OutbreakMatchesUITests.debug.xcconfig"; path = "Target Support Files/Pods-OutbreakMatches-OutbreakMatchesUITests/Pods-OutbreakMatches-OutbreakMatchesUITests.debug.xcconfig"; sourceTree = "<group>"; };
		3172DDB82EF0F78300698910 /* OutbreakMatches.app */ = {isa = PBXFileReference; explicitFileType = wrapper.application; includeInIndex = 0; path = OutbreakMatches.app; sourceTree = BUILT_PRODUCTS_DIR; };
		3172DDCE2EF0F78500698910 /* OutbreakMatchesTests.xctest */ = {isa = PBXFileReference; explicitFileType = wrapper.cfbundle; includeInIndex = 0; path = OutbreakMatchesTests.xctest; sourceTree = BUILT_PRODUCTS_DIR; };
		3172DDD82EF0F78500698910 /* OutbreakMatchesUITests.xctest */ = {isa = PBXFileReference; explicitFileType = wrapper.cfbundle; includeInIndex = 0; path = OutbreakMatchesUITests.xctest; sourceTree = BUILT_PRODUCTS_DIR; };
		4AA5A2C617A41605047AFC3A /* Pods-OutbreakMatchesTests.debug.xcconfig */ = {isa = PBXFileReference; includeInIndex = 1; lastKnownFileType = text.xcconfig; name = "Pods-OutbreakMatchesTests.debug.xcconfig"; path = "Target Support Files/Pods-OutbreakMatchesTests/Pods-OutbreakMatchesTests.debug.xcconfig"; sourceTree = "<group>"; };
		4DACA7D50D3D21918A930B00 /* Pods-OutbreakMatches.debug.xcconfig */ = {isa = PBXFileReference; includeInIndex = 1; lastKnownFileType = text.xcconfig; name = "Pods-OutbreakMatches.debug.xcconfig"; path = "Target Support Files/Pods-OutbreakMatches/Pods-OutbreakMatches.debug.xcconfig"; sourceTree = "<group>"; };
		707B72159F34766C5800CE2C /* Pods_OutbreakMatchesTests.framework */ = {isa = PBXFileReference; explicitFileType = wrapper.framework; includeInIndex = 0; path = Pods_OutbreakMatchesTests.framework; sourceTree = BUILT_PRODUCTS_DIR; };
		AD47B286B9B7DE74A3E6B98F /* Pods-OutbreakMatches-OutbreakMatchesUITests.release.xcconfig */ = {isa = PBXFileReference; includeInIndex = 1; lastKnownFileType = text.xcconfig; name = "Pods-OutbreakMatches-OutbreakMatchesUITests.release.xcconfig"; path = "Target Support Files/Pods-OutbreakMatches-OutbreakMatchesUITests/Pods-OutbreakMatches-OutbreakMatchesUITests.release.xcconfig"; sourceTree = "<group>"; };
		DEBD8676AB036F8427FC208C /* Pods_OutbreakMatches.framework */ = {isa = PBXFileReference; explicitFileType = wrapper.framework; includeInIndex = 0; path = Pods_OutbreakMatches.framework; sourceTree = BUILT_PRODUCTS_DIR; };
/* End PBXFileReference section */

/* Begin PBXFileSystemSynchronizedBuildFileExceptionSet section */
		3172DDE02EF0F78500698910 /* Exceptions for "OutbreakMatches" folder in "OutbreakMatches" target */ = {
			isa = PBXFileSystemSynchronizedBuildFileExceptionSet;
			membershipExceptions = (
				Info.plist,
			);
			target = 3172DDB72EF0F78300698910 /* OutbreakMatches */;
		};
		3172DE1D2EF0FCA900698910 /* Exceptions for "OutbreakMatches" folder in "OutbreakMatchesTests" target */ = {
			isa = PBXFileSystemSynchronizedBuildFileExceptionSet;
			membershipExceptions = (
				"Helper/Foundation+Helper.swift",
				"Helper/UIKit+Helper.swift",
				Model/Match.swift,
				Model/Odds.swift,
				Service/MatchAPIService.swift,
				Service/OddsWebSocketSimulator.swift,
				Store/MatchStore.swift,
				View/MatchTableViewCell.swift,
				ViewModel/MatchViewModel.swift,
			);
			target = 3172DDCD2EF0F78500698910 /* OutbreakMatchesTests */;
		};
		3172DE1E2EF0FCA900698910 /* Exceptions for "OutbreakMatches" folder in "OutbreakMatchesUITests" target */ = {
			isa = PBXFileSystemSynchronizedBuildFileExceptionSet;
			membershipExceptions = (
				"Helper/Foundation+Helper.swift",
				"Helper/UIKit+Helper.swift",
				Model/Match.swift,
				Model/Odds.swift,
				Service/MatchAPIService.swift,
				Service/OddsWebSocketSimulator.swift,
				Store/MatchStore.swift,
				View/MatchTableViewCell.swift,
				ViewModel/MatchViewModel.swift,
			);
			target = 3172DDD72EF0F78500698910 /* OutbreakMatchesUITests */;
		};
/* End PBXFileSystemSynchronizedBuildFileExceptionSet section */

/* Begin PBXFileSystemSynchronizedRootGroup section */
		3172DDBA2EF0F78300698910 /* OutbreakMatches */ = {
			isa = PBXFileSystemSynchronizedRootGroup;
			exceptions = (
				3172DDE02EF0F78500698910 /* Exceptions for "OutbreakMatches" folder in "OutbreakMatches" target */,
				3172DE1D2EF0FCA900698910 /* Exceptions for "OutbreakMatches" folder in "OutbreakMatchesTests" target */,
				3172DE1E2EF0FCA900698910 /* Exceptions for "OutbreakMatches" folder in "OutbreakMatchesUITests" target */,
			);
			path = OutbreakMatches;
			sourceTree = "<group>";
		};
		3172DDD12EF0F78500698910 /* OutbreakMatchesTests */ = {
			isa = PBXFileSystemSynchronizedRootGroup;
			path = OutbreakMatchesTests;
			sourceTree = "<group>";
		};
		3172DDDB2EF0F78500698910 /* OutbreakMatchesUITests */ = {
			isa = PBXFileSystemSynchronizedRootGroup;
			path = OutbreakMatchesUITests;
			sourceTree = "<group>";
		};
/* End PBXFileSystemSynchronizedRootGroup section */

/* Begin PBXFrameworksBuildPhase section */
		3172DDB52EF0F78300698910 /* Frameworks */ = {
			isa = PBXFrameworksBuildPhase;
			buildActionMask = 2147483647;
			files = (
				04B528CCBE8813ED6685449D /* Pods_OutbreakMatches.framework in Frameworks */,
			);
			runOnlyForDeploymentPostprocessing = 0;
		};
		3172DDCB2EF0F78500698910 /* Frameworks */ = {
			isa = PBXFrameworksBuildPhase;
			buildActionMask = 2147483647;
			files = (
				504121FD28E2DABCB50C6029 /* Pods_OutbreakMatchesTests.framework in Frameworks */,
			);
			runOnlyForDeploymentPostprocessing = 0;
		};
		3172DDD52EF0F78500698910 /* Frameworks */ = {
			isa = PBXFrameworksBuildPhase;
			buildActionMask = 2147483647;
			files = (
				90A176756B1DBD296F4B49B7 /* Pods_OutbreakMatches_OutbreakMatchesUITests.framework in Frameworks */,
			);
			runOnlyForDeploymentPostprocessing = 0;
		};
/* End PBXFrameworksBuildPhase section */

/* Begin PBXGroup section */
		3172DDAF2EF0F78300698910 = {
			isa = PBXGroup;
			children = (
				3172DDBA2EF0F78300698910 /* OutbreakMatches */,
				3172DDD12EF0F78500698910 /* OutbreakMatchesTests */,
				3172DDDB2EF0F78500698910 /* OutbreakMatchesUITests */,
				3172DDB92EF0F78300698910 /* Products */,
				83B495A3339C92FA8912B117 /* Pods */,
				EE21C3B27452590EA0600805 /* Frameworks */,
			);
			sourceTree = "<group>";
		};
		3172DDB92EF0F78300698910 /* Products */ = {
			isa = PBXGroup;
			children = (
				3172DDB82EF0F78300698910 /* OutbreakMatches.app */,
				3172DDCE2EF0F78500698910 /* OutbreakMatchesTests.xctest */,
				3172DDD82EF0F78500698910 /* OutbreakMatchesUITests.xctest */,
			);
			name = Products;
			sourceTree = "<group>";
		};
		83B495A3339C92FA8912B117 /* Pods */ = {
			isa = PBXGroup;
			children = (
				4DACA7D50D3D21918A930B00 /* Pods-OutbreakMatches.debug.xcconfig */,
				0A0662F17514711C4A9EABC0 /* Pods-OutbreakMatches.release.xcconfig */,
				2D672732DED6EE70338EDBC7 /* Pods-OutbreakMatches-OutbreakMatchesUITests.debug.xcconfig */,
				AD47B286B9B7DE74A3E6B98F /* Pods-OutbreakMatches-OutbreakMatchesUITests.release.xcconfig */,
				4AA5A2C617A41605047AFC3A /* Pods-OutbreakMatchesTests.debug.xcconfig */,
				1A8DB8E4093A32388CE8A750 /* Pods-OutbreakMatchesTests.release.xcconfig */,
			);
			path = Pods;
			sourceTree = "<group>";
		};
		EE21C3B27452590EA0600805 /* Frameworks */ = {
			isa = PBXGroup;
			children = (
				DEBD8676AB036F8427FC208C /* Pods_OutbreakMatches.framework */,
				265CBB83E5A3E7C777C1D3A0 /* Pods_OutbreakMatches_OutbreakMatchesUITests.framework */,
				707B72159F34766C5800CE2C /* Pods_OutbreakMatchesTests.framework */,
			);
			name = Frameworks;
			sourceTree = "<group>";
		};
/* End PBXGroup section */

/* Begin PBXNativeTarget section */
		3172DDB72EF0F78300698910 /* OutbreakMatches */ = {
			isa = PBXNativeTarget;
			buildConfigurationList = 3172DDE12EF0F78500698910 /* Build configuration list for PBXNativeTarget "OutbreakMatches" */;
			buildPhases = (
				73D15D1A1BDBED9068732D4A /* [CP] Check Pods Manifest.lock */,
				3172DDB42EF0F78300698910 /* Sources */,
				3172DDB52EF0F78300698910 /* Frameworks */,
				3172DDB62EF0F78300698910 /* Resources */,
				D11FF611B0776884E490D8D6 /* [CP] Embed Pods Frameworks */,
			);
			buildRules = (
			);
			dependencies = (
			);
			fileSystemSynchronizedGroups = (
				3172DDBA2EF0F78300698910 /* OutbreakMatches */,
			);
			name = OutbreakMatches;
			productName = OutbreakMatches;
			productReference = 3172DDB82EF0F78300698910 /* OutbreakMatches.app */;
			productType = "com.apple.product-type.application";
		};
		3172DDCD2EF0F78500698910 /* OutbreakMatchesTests */ = {
			isa = PBXNativeTarget;
			buildConfigurationList = 3172DDE62EF0F78500698910 /* Build configuration list for PBXNativeTarget "OutbreakMatchesTests" */;
			buildPhases = (
				434DFC55A88E22A98F50E766 /* [CP] Check Pods Manifest.lock */,
				3172DDCA2EF0F78500698910 /* Sources */,
				3172DDCB2EF0F78500698910 /* Frameworks */,
				3172DDCC2EF0F78500698910 /* Resources */,
			);
			buildRules = (
			);
			dependencies = (
				3172DDD02EF0F78500698910 /* PBXTargetDependency */,
			);
			fileSystemSynchronizedGroups = (
				3172DDD12EF0F78500698910 /* OutbreakMatchesTests */,
			);
			name = OutbreakMatchesTests;
			productName = OutbreakMatchesTests;
			productReference = 3172DDCE2EF0F78500698910 /* OutbreakMatchesTests.xctest */;
			productType = "com.apple.product-type.bundle.unit-test";
		};
		3172DDD72EF0F78500698910 /* OutbreakMatchesUITests */ = {
			isa = PBXNativeTarget;
			buildConfigurationList = 3172DDE92EF0F78500698910 /* Build configuration list for PBXNativeTarget "OutbreakMatchesUITests" */;
			buildPhases = (
				BE753E4F29F476FD64102BDD /* [CP] Check Pods Manifest.lock */,
				3172DDD42EF0F78500698910 /* Sources */,
				3172DDD52EF0F78500698910 /* Frameworks */,
				3172DDD62EF0F78500698910 /* Resources */,
				950C0EF1AE62D9F479183F11 /* [CP] Embed Pods Frameworks */,
			);
			buildRules = (
			);
			dependencies = (
				3172DDDA2EF0F78500698910 /* PBXTargetDependency */,
			);
			fileSystemSynchronizedGroups = (
				3172DDDB2EF0F78500698910 /* OutbreakMatchesUITests */,
			);
			name = OutbreakMatchesUITests;
			productName = OutbreakMatchesUITests;
			productReference = 3172DDD82EF0F78500698910 /* OutbreakMatchesUITests.xctest */;
			productType = "com.apple.product-type.bundle.ui-testing";
		};
/* End PBXNativeTarget section */

/* Begin PBXProject section */
		3172DDB02EF0F78300698910 /* Project object */ = {
			isa = PBXProject;
			attributes = {
				BuildIndependentTargetsInParallel = 1;
				LastSwiftUpdateCheck = 1620;
				LastUpgradeCheck = 1620;
				TargetAttributes = {
					3172DDB72EF0F78300698910 = {
						CreatedOnToolsVersion = 16.2;
					};
					3172DDCD2EF0F78500698910 = {
						CreatedOnToolsVersion = 16.2;
						TestTargetID = 3172DDB72EF0F78300698910;
					};
					3172DDD72EF0F78500698910 = {
						CreatedOnToolsVersion = 16.2;
						TestTargetID = 3172DDB72EF0F78300698910;
					};
				};
			};
			buildConfigurationList = 3172DDB32EF0F78300698910 /* Build configuration list for PBXProject "OutbreakMatches" */;
			developmentRegion = en;
			hasScannedForEncodings = 0;
			knownRegions = (
				en,
				Base,
			);
			mainGroup = 3172DDAF2EF0F78300698910;
			minimizedProjectReferenceProxies = 1;
			preferredProjectObjectVersion = 77;
			productRefGroup = 3172DDB92EF0F78300698910 /* Products */;
			projectDirPath = "";
			projectRoot = "";
			targets = (
				3172DDB72EF0F78300698910 /* OutbreakMatches */,
				3172DDCD2EF0F78500698910 /* OutbreakMatchesTests */,
				3172DDD72EF0F78500698910 /* OutbreakMatchesUITests */,
			);
		};
/* End PBXProject section */

/* Begin PBXResourcesBuildPhase section */
		3172DDB62EF0F78300698910 /* Resources */ = {
			isa = PBXResourcesBuildPhase;
			buildActionMask = 2147483647;
			files = (
			);
			runOnlyForDeploymentPostprocessing = 0;
		};
		3172DDCC2EF0F78500698910 /* Resources */ = {
			isa = PBXResourcesBuildPhase;
			buildActionMask = 2147483647;
			files = (
			);
			runOnlyForDeploymentPostprocessing = 0;
		};
		3172DDD62EF0F78500698910 /* Resources */ = {
			isa = PBXResourcesBuildPhase;
			buildActionMask = 2147483647;
			files = (
			);
			runOnlyForDeploymentPostprocessing = 0;
		};
/* End PBXResourcesBuildPhase section */

/* Begin PBXShellScriptBuildPhase section */
		434DFC55A88E22A98F50E766 /* [CP] Check Pods Manifest.lock */ = {
			isa = PBXShellScriptBuildPhase;
			buildActionMask = 2147483647;
			files = (
			);
			inputFileListPaths = (
			);
			inputPaths = (
				"${PODS_PODFILE_DIR_PATH}/Podfile.lock",
				"${PODS_ROOT}/Manifest.lock",
			);
			name = "[CP] Check Pods Manifest.lock";
			outputFileListPaths = (
			);
			outputPaths = (
				"$(DERIVED_FILE_DIR)/Pods-OutbreakMatchesTests-checkManifestLockResult.txt",
			);
			runOnlyForDeploymentPostprocessing = 0;
			shellPath = /bin/sh;
			shellScript = "diff \"${PODS_PODFILE_DIR_PATH}/Podfile.lock\" \"${PODS_ROOT}/Manifest.lock\" > /dev/null\nif [ $? != 0 ] ; then\n    # print error to STDERR\n    echo \"error: The sandbox is not in sync with the Podfile.lock. Run 'pod install' or update your CocoaPods installation.\" >&2\n    exit 1\nfi\n# This output is used by Xcode 'outputs' to avoid re-running this script phase.\necho \"SUCCESS\" > \"${SCRIPT_OUTPUT_FILE_0}\"\n";
			showEnvVarsInLog = 0;
		};
		73D15D1A1BDBED9068732D4A /* [CP] Check Pods Manifest.lock */ = {
			isa = PBXShellScriptBuildPhase;
			buildActionMask = 2147483647;
			files = (
			);
			inputFileListPaths = (
			);
			inputPaths = (
				"${PODS_PODFILE_DIR_PATH}/Podfile.lock",
				"${PODS_ROOT}/Manifest.lock",
			);
			name = "[CP] Check Pods Manifest.lock";
			outputFileListPaths = (
			);
			outputPaths = (
				"$(DERIVED_FILE_DIR)/Pods-OutbreakMatches-checkManifestLockResult.txt",
			);
			runOnlyForDeploymentPostprocessing = 0;
			shellPath = /bin/sh;
			shellScript = "diff \"${PODS_PODFILE_DIR_PATH}/Podfile.lock\" \"${PODS_ROOT}/Manifest.lock\" > /dev/null\nif [ $? != 0 ] ; then\n    # print error to STDERR\n    echo \"error: The sandbox is not in sync with the Podfile.lock. Run 'pod install' or update your CocoaPods installation.\" >&2\n    exit 1\nfi\n# This output is used by Xcode 'outputs' to avoid re-running this script phase.\necho \"SUCCESS\" > \"${SCRIPT_OUTPUT_FILE_0}\"\n";
			showEnvVarsInLog = 0;
		};
		950C0EF1AE62D9F479183F11 /* [CP] Embed Pods Frameworks */ = {
			isa = PBXShellScriptBuildPhase;
			buildActionMask = 2147483647;
			files = (
			);
			inputFileListPaths = (
				"${PODS_ROOT}/Target Support Files/Pods-OutbreakMatches-OutbreakMatchesUITests/Pods-OutbreakMatches-OutbreakMatchesUITests-frameworks-${CONFIGURATION}-input-files.xcfilelist",
			);
			name = "[CP] Embed Pods Frameworks";
			outputFileListPaths = (
				"${PODS_ROOT}/Target Support Files/Pods-OutbreakMatches-OutbreakMatchesUITests/Pods-OutbreakMatches-OutbreakMatchesUITests-frameworks-${CONFIGURATION}-output-files.xcfilelist",
			);
			runOnlyForDeploymentPostprocessing = 0;
			shellPath = /bin/sh;
			shellScript = "\"${PODS_ROOT}/Target Support Files/Pods-OutbreakMatches-OutbreakMatchesUITests/Pods-OutbreakMatches-OutbreakMatchesUITests-frameworks.sh\"\n";
			showEnvVarsInLog = 0;
		};
		BE753E4F29F476FD64102BDD /* [CP] Check Pods Manifest.lock */ = {
			isa = PBXShellScriptBuildPhase;
			buildActionMask = 2147483647;
			files = (
			);
			inputFileListPaths = (
			);
			inputPaths = (
				"${PODS_PODFILE_DIR_PATH}/Podfile.lock",
				"${PODS_ROOT}/Manifest.lock",
			);
			name = "[CP] Check Pods Manifest.lock";
			outputFileListPaths = (
			);
			outputPaths = (
				"$(DERIVED_FILE_DIR)/Pods-OutbreakMatches-OutbreakMatchesUITests-checkManifestLockResult.txt",
			);
			runOnlyForDeploymentPostprocessing = 0;
			shellPath = /bin/sh;
			shellScript = "diff \"${PODS_PODFILE_DIR_PATH}/Podfile.lock\" \"${PODS_ROOT}/Manifest.lock\" > /dev/null\nif [ $? != 0 ] ; then\n    # print error to STDERR\n    echo \"error: The sandbox is not in sync with the Podfile.lock. Run 'pod install' or update your CocoaPods installation.\" >&2\n    exit 1\nfi\n# This output is used by Xcode 'outputs' to avoid re-running this script phase.\necho \"SUCCESS\" > \"${SCRIPT_OUTPUT_FILE_0}\"\n";
			showEnvVarsInLog = 0;
		};
		D11FF611B0776884E490D8D6 /* [CP] Embed Pods Frameworks */ = {
			isa = PBXShellScriptBuildPhase;
			buildActionMask = 2147483647;
			files = (
			);
			inputFileListPaths = (
				"${PODS_ROOT}/Target Support Files/Pods-OutbreakMatches/Pods-OutbreakMatches-frameworks-${CONFIGURATION}-input-files.xcfilelist",
			);
			name = "[CP] Embed Pods Frameworks";
			outputFileListPaths = (
				"${PODS_ROOT}/Target Support Files/Pods-OutbreakMatches/Pods-OutbreakMatches-frameworks-${CONFIGURATION}-output-files.xcfilelist",
			);
			runOnlyForDeploymentPostprocessing = 0;
			shellPath = /bin/sh;
			shellScript = "\"${PODS_ROOT}/Target Support Files/Pods-OutbreakMatches/Pods-OutbreakMatches-frameworks.sh\"\n";
			showEnvVarsInLog = 0;
		};
/* End PBXShellScriptBuildPhase section */

/* Begin PBXSourcesBuildPhase section */
		3172DDB42EF0F78300698910 /* Sources */ = {
			isa = PBXSourcesBuildPhase;
			buildActionMask = 2147483647;
			files = (
			);
			runOnlyForDeploymentPostprocessing = 0;
		};
		3172DDCA2EF0F78500698910 /* Sources */ = {
			isa = PBXSourcesBuildPhase;
			buildActionMask = 2147483647;
			files = (
			);
			runOnlyForDeploymentPostprocessing = 0;
		};
		3172DDD42EF0F78500698910 /* Sources */ = {
			isa = PBXSourcesBuildPhase;
			buildActionMask = 2147483647;
			files = (
			);
			runOnlyForDeploymentPostprocessing = 0;
		};
/* End PBXSourcesBuildPhase section */

/* Begin PBXTargetDependency section */
		3172DDD02EF0F78500698910 /* PBXTargetDependency */ = {
			isa = PBXTargetDependency;
			target = 3172DDB72EF0F78300698910 /* OutbreakMatches */;
			targetProxy = 3172DDCF2EF0F78500698910 /* PBXContainerItemProxy */;
		};
		3172DDDA2EF0F78500698910 /* PBXTargetDependency */ = {
			isa = PBXTargetDependency;
			target = 3172DDB72EF0F78300698910 /* OutbreakMatches */;
			targetProxy = 3172DDD92EF0F78500698910 /* PBXContainerItemProxy */;
		};
/* End PBXTargetDependency section */

/* Begin XCBuildConfiguration section */
		3172DDE22EF0F78500698910 /* Debug */ = {
			isa = XCBuildConfiguration;
			baseConfigurationReference = 4DACA7D50D3D21918A930B00 /* Pods-OutbreakMatches.debug.xcconfig */;
			buildSettings = {
				ASSETCATALOG_COMPILER_APPICON_NAME = AppIcon;
				ASSETCATALOG_COMPILER_GLOBAL_ACCENT_COLOR_NAME = AccentColor;
				CODE_SIGN_STYLE = Automatic;
				CURRENT_PROJECT_VERSION = 1;
				ENABLE_USER_SCRIPT_SANDBOXING = NO;
				GENERATE_INFOPLIST_FILE = YES;
				INFOPLIST_FILE = OutbreakMatches/Info.plist;
				INFOPLIST_KEY_UIApplicationSupportsIndirectInputEvents = YES;
				INFOPLIST_KEY_UILaunchStoryboardName = LaunchScreen;
				INFOPLIST_KEY_UIMainStoryboardFile = Main;
				INFOPLIST_KEY_UISupportedInterfaceOrientations_iPad = "UIInterfaceOrientationPortrait UIInterfaceOrientationPortraitUpsideDown UIInterfaceOrientationLandscapeLeft UIInterfaceOrientationLandscapeRight";
				INFOPLIST_KEY_UISupportedInterfaceOrientations_iPhone = "UIInterfaceOrientationPortrait UIInterfaceOrientationLandscapeLeft UIInterfaceOrientationLandscapeRight";
				LD_RUNPATH_SEARCH_PATHS = (
					"$(inherited)",
					"@executable_path/Frameworks",
				);
				MARKETING_VERSION = 1.0;
				PRODUCT_BUNDLE_IDENTIFIER = bebop.code.OutbreakMatches;
				PRODUCT_NAME = "$(TARGET_NAME)";
				SWIFT_EMIT_LOC_STRINGS = YES;
				SWIFT_VERSION = 5.0;
				TARGETED_DEVICE_FAMILY = "1,2";
			};
			name = Debug;
		};
		3172DDE32EF0F78500698910 /* Release */ = {
			isa = XCBuildConfiguration;
			baseConfigurationReference = 0A0662F17514711C4A9EABC0 /* Pods-OutbreakMatches.release.xcconfig */;
			buildSettings = {
				ASSETCATALOG_COMPILER_APPICON_NAME = AppIcon;
				ASSETCATALOG_COMPILER_GLOBAL_ACCENT_COLOR_NAME = AccentColor;
				CODE_SIGN_STYLE = Automatic;
				CURRENT_PROJECT_VERSION = 1;
				ENABLE_USER_SCRIPT_SANDBOXING = NO;
				GENERATE_INFOPLIST_FILE = YES;
				INFOPLIST_FILE = OutbreakMatches/Info.plist;
				INFOPLIST_KEY_UIApplicationSupportsIndirectInputEvents = YES;
				INFOPLIST_KEY_UILaunchStoryboardName = LaunchScreen;
				INFOPLIST_KEY_UIMainStoryboardFile = Main;
				INFOPLIST_KEY_UISupportedInterfaceOrientations_iPad = "UIInterfaceOrientationPortrait UIInterfaceOrientationPortraitUpsideDown UIInterfaceOrientationLandscapeLeft UIInterfaceOrientationLandscapeRight";
				INFOPLIST_KEY_UISupportedInterfaceOrientations_iPhone = "UIInterfaceOrientationPortrait UIInterfaceOrientationLandscapeLeft UIInterfaceOrientationLandscapeRight";
				LD_RUNPATH_SEARCH_PATHS = (
					"$(inherited)",
					"@executable_path/Frameworks",
				);
				MARKETING_VERSION = 1.0;
				PRODUCT_BUNDLE_IDENTIFIER = bebop.code.OutbreakMatches;
				PRODUCT_NAME = "$(TARGET_NAME)";
				SWIFT_EMIT_LOC_STRINGS = YES;
				SWIFT_VERSION = 5.0;
				TARGETED_DEVICE_FAMILY = "1,2";
			};
			name = Release;
		};
		3172DDE42EF0F78500698910 /* Debug */ = {
			isa = XCBuildConfiguration;
			buildSettings = {
				ALWAYS_SEARCH_USER_PATHS = NO;
				ASSETCATALOG_COMPILER_GENERATE_SWIFT_ASSET_SYMBOL_EXTENSIONS = YES;
				CLANG_ANALYZER_NONNULL = YES;
				CLANG_ANALYZER_NUMBER_OBJECT_CONVERSION = YES_AGGRESSIVE;
				CLANG_CXX_LANGUAGE_STANDARD = "gnu++20";
				CLANG_ENABLE_MODULES = YES;
				CLANG_ENABLE_OBJC_ARC = YES;
				CLANG_ENABLE_OBJC_WEAK = YES;
				CLANG_WARN_BLOCK_CAPTURE_AUTORELEASING = YES;
				CLANG_WARN_BOOL_CONVERSION = YES;
				CLANG_WARN_COMMA = YES;
				CLANG_WARN_CONSTANT_CONVERSION = YES;
				CLANG_WARN_DEPRECATED_OBJC_IMPLEMENTATIONS = YES;
				CLANG_WARN_DIRECT_OBJC_ISA_USAGE = YES_ERROR;
				CLANG_WARN_DOCUMENTATION_COMMENTS = YES;
				CLANG_WARN_EMPTY_BODY = YES;
				CLANG_WARN_ENUM_CONVERSION = YES;
				CLANG_WARN_INFINITE_RECURSION = YES;
				CLANG_WARN_INT_CONVERSION = YES;
				CLANG_WARN_NON_LITERAL_NULL_CONVERSION = YES;
				CLANG_WARN_OBJC_IMPLICIT_RETAIN_SELF = YES;
				CLANG_WARN_OBJC_LITERAL_CONVERSION = YES;
				CLANG_WARN_OBJC_ROOT_CLASS = YES_ERROR;
				CLANG_WARN_QUOTED_INCLUDE_IN_FRAMEWORK_HEADER = YES;
				CLANG_WARN_RANGE_LOOP_ANALYSIS = YES;
				CLANG_WARN_STRICT_PROTOTYPES = YES;
				CLANG_WARN_SUSPICIOUS_MOVE = YES;
				CLANG_WARN_UNGUARDED_AVAILABILITY = YES_AGGRESSIVE;
				CLANG_WARN_UNREACHABLE_CODE = YES;
				CLANG_WARN__DUPLICATE_METHOD_MATCH = YES;
				COPY_PHASE_STRIP = NO;
				DEBUG_INFORMATION_FORMAT = dwarf;
				ENABLE_STRICT_OBJC_MSGSEND = YES;
				ENABLE_TESTABILITY = YES;
				ENABLE_USER_SCRIPT_SANDBOXING = YES;
				GCC_C_LANGUAGE_STANDARD = gnu17;
				GCC_DYNAMIC_NO_PIC = NO;
				GCC_NO_COMMON_BLOCKS = YES;
				GCC_OPTIMIZATION_LEVEL = 0;
				GCC_PREPROCESSOR_DEFINITIONS = (
					"DEBUG=1",
					"$(inherited)",
				);
				GCC_WARN_64_TO_32_BIT_CONVERSION = YES;
				GCC_WARN_ABOUT_RETURN_TYPE = YES_ERROR;
				GCC_WARN_UNDECLARED_SELECTOR = YES;
				GCC_WARN_UNINITIALIZED_AUTOS = YES_AGGRESSIVE;
				GCC_WARN_UNUSED_FUNCTION = YES;
				GCC_WARN_UNUSED_VARIABLE = YES;
				IPHONEOS_DEPLOYMENT_TARGET = 18.2;
				LOCALIZATION_PREFERS_STRING_CATALOGS = YES;
				MTL_ENABLE_DEBUG_INFO = INCLUDE_SOURCE;
				MTL_FAST_MATH = YES;
				ONLY_ACTIVE_ARCH = YES;
				SDKROOT = iphoneos;
				SWIFT_ACTIVE_COMPILATION_CONDITIONS = "DEBUG $(inherited)";
				SWIFT_OPTIMIZATION_LEVEL = "-Onone";
			};
			name = Debug;
		};
		3172DDE52EF0F78500698910 /* Release */ = {
			isa = XCBuildConfiguration;
			buildSettings = {
				ALWAYS_SEARCH_USER_PATHS = NO;
				ASSETCATALOG_COMPILER_GENERATE_SWIFT_ASSET_SYMBOL_EXTENSIONS = YES;
				CLANG_ANALYZER_NONNULL = YES;
				CLANG_ANALYZER_NUMBER_OBJECT_CONVERSION = YES_AGGRESSIVE;
				CLANG_CXX_LANGUAGE_STANDARD = "gnu++20";
				CLANG_ENABLE_MODULES = YES;
				CLANG_ENABLE_OBJC_ARC = YES;
				CLANG_ENABLE_OBJC_WEAK = YES;
				CLANG_WARN_BLOCK_CAPTURE_AUTORELEASING = YES;
				CLANG_WARN_BOOL_CONVERSION = YES;
				CLANG_WARN_COMMA = YES;
				CLANG_WARN_CONSTANT_CONVERSION = YES;
				CLANG_WARN_DEPRECATED_OBJC_IMPLEMENTATIONS = YES;
				CLANG_WARN_DIRECT_OBJC_ISA_USAGE = YES_ERROR;
				CLANG_WARN_DOCUMENTATION_COMMENTS = YES;
				CLANG_WARN_EMPTY_BODY = YES;
				CLANG_WARN_ENUM_CONVERSION = YES;
				CLANG_WARN_INFINITE_RECURSION = YES;
				CLANG_WARN_INT_CONVERSION = YES;
				CLANG_WARN_NON_LITERAL_NULL_CONVERSION = YES;
				CLANG_WARN_OBJC_IMPLICIT_RETAIN_SELF = YES;
				CLANG_WARN_OBJC_LITERAL_CONVERSION = YES;
				CLANG_WARN_OBJC_ROOT_CLASS = YES_ERROR;
				CLANG_WARN_QUOTED_INCLUDE_IN_FRAMEWORK_HEADER = YES;
				CLANG_WARN_RANGE_LOOP_ANALYSIS = YES;
				CLANG_WARN_STRICT_PROTOTYPES = YES;
				CLANG_WARN_SUSPICIOUS_MOVE = YES;
				CLANG_WARN_UNGUARDED_AVAILABILITY = YES_AGGRESSIVE;
				CLANG_WARN_UNREACHABLE_CODE = YES;
				CLANG_WARN__DUPLICATE_METHOD_MATCH = YES;
				COPY_PHASE_STRIP = NO;
				DEBUG_INFORMATION_FORMAT = "dwarf-with-dsym";
				ENABLE_NS_ASSERTIONS = NO;
				ENABLE_STRICT_OBJC_MSGSEND = YES;
				ENABLE_USER_SCRIPT_SANDBOXING = YES;
				GCC_C_LANGUAGE_STANDARD = gnu17;
				GCC_NO_COMMON_BLOCKS = YES;
				GCC_WARN_64_TO_32_BIT_CONVERSION = YES;
				GCC_WARN_ABOUT_RETURN_TYPE = YES_ERROR;
				GCC_WARN_UNDECLARED_SELECTOR = YES;
				GCC_WARN_UNINITIALIZED_AUTOS = YES_AGGRESSIVE;
				GCC_WARN_UNUSED_FUNCTION = YES;
				GCC_WARN_UNUSED_VARIABLE = YES;
				IPHONEOS_DEPLOYMENT_TARGET = 18.2;
				LOCALIZATION_PREFERS_STRING_CATALOGS = YES;
				MTL_ENABLE_DEBUG_INFO = NO;
				MTL_FAST_MATH = YES;
				SDKROOT = iphoneos;
				SWIFT_COMPILATION_MODE = wholemodule;
				VALIDATE_PRODUCT = YES;
			};
			name = Release;
		};
		3172DDE72EF0F78500698910 /* Debug */ = {
			isa = XCBuildConfiguration;
			baseConfigurationReference = 4AA5A2C617A41605047AFC3A /* Pods-OutbreakMatchesTests.debug.xcconfig */;
			buildSettings = {
				BUNDLE_LOADER = "$(TEST_HOST)";
				CODE_SIGN_STYLE = Automatic;
				CURRENT_PROJECT_VERSION = 1;
				GENERATE_INFOPLIST_FILE = YES;
				IPHONEOS_DEPLOYMENT_TARGET = 18.2;
				MARKETING_VERSION = 1.0;
				PRODUCT_BUNDLE_IDENTIFIER = bebop.code.OutbreakMatchesTests;
				PRODUCT_NAME = "$(TARGET_NAME)";
				SWIFT_EMIT_LOC_STRINGS = NO;
				SWIFT_VERSION = 5.0;
				TARGETED_DEVICE_FAMILY = "1,2";
				TEST_HOST = "$(BUILT_PRODUCTS_DIR)/OutbreakMatches.app/$(BUNDLE_EXECUTABLE_FOLDER_PATH)/OutbreakMatches";
			};
			name = Debug;
		};
		3172DDE82EF0F78500698910 /* Release */ = {
			isa = XCBuildConfiguration;
			baseConfigurationReference = 1A8DB8E4093A32388CE8A750 /* Pods-OutbreakMatchesTests.release.xcconfig */;
			buildSettings = {
				BUNDLE_LOADER = "$(TEST_HOST)";
				CODE_SIGN_STYLE = Automatic;
				CURRENT_PROJECT_VERSION = 1;
				GENERATE_INFOPLIST_FILE = YES;
				IPHONEOS_DEPLOYMENT_TARGET = 18.2;
				MARKETING_VERSION = 1.0;
				PRODUCT_BUNDLE_IDENTIFIER = bebop.code.OutbreakMatchesTests;
				PRODUCT_NAME = "$(TARGET_NAME)";
				SWIFT_EMIT_LOC_STRINGS = NO;
				SWIFT_VERSION = 5.0;
				TARGETED_DEVICE_FAMILY = "1,2";
				TEST_HOST = "$(BUILT_PRODUCTS_DIR)/OutbreakMatches.app/$(BUNDLE_EXECUTABLE_FOLDER_PATH)/OutbreakMatches";
			};
			name = Release;
		};
		3172DDEA2EF0F78500698910 /* Debug */ = {
			isa = XCBuildConfiguration;
			baseConfigurationReference = 2D672732DED6EE70338EDBC7 /* Pods-OutbreakMatches-OutbreakMatchesUITests.debug.xcconfig */;
			buildSettings = {
				CODE_SIGN_STYLE = Automatic;
				CURRENT_PROJECT_VERSION = 1;
				GENERATE_INFOPLIST_FILE = YES;
				MARKETING_VERSION = 1.0;
				PRODUCT_BUNDLE_IDENTIFIER = bebop.code.OutbreakMatchesUITests;
				PRODUCT_NAME = "$(TARGET_NAME)";
				SWIFT_EMIT_LOC_STRINGS = NO;
				SWIFT_VERSION = 5.0;
				TARGETED_DEVICE_FAMILY = "1,2";
				TEST_TARGET_NAME = OutbreakMatches;
			};
			name = Debug;
		};
		3172DDEB2EF0F78500698910 /* Release */ = {
			isa = XCBuildConfiguration;
			baseConfigurationReference = AD47B286B9B7DE74A3E6B98F /* Pods-OutbreakMatches-OutbreakMatchesUITests.release.xcconfig */;
			buildSettings = {
				CODE_SIGN_STYLE = Automatic;
				CURRENT_PROJECT_VERSION = 1;
				GENERATE_INFOPLIST_FILE = YES;
				MARKETING_VERSION = 1.0;
				PRODUCT_BUNDLE_IDENTIFIER = bebop.code.OutbreakMatchesUITests;
				PRODUCT_NAME = "$(TARGET_NAME)";
				SWIFT_EMIT_LOC_STRINGS = NO;
				SWIFT_VERSION = 5.0;
				TARGETED_DEVICE_FAMILY = "1,2";
				TEST_TARGET_NAME = OutbreakMatches;
			};
			name = Release;
		};
/* End XCBuildConfiguration section */

/* Begin XCConfigurationList section */
		3172DDB32EF0F78300698910 /* Build configuration list for PBXProject "OutbreakMatches" */ = {
			isa = XCConfigurationList;
			buildConfigurations = (
				3172DDE42EF0F78500698910 /* Debug */,
				3172DDE52EF0F78500698910 /* Release */,
			);
			defaultConfigurationIsVisible = 0;
			defaultConfigurationName = Release;
		};
		3172DDE12EF0F78500698910 /* Build configuration list for PBXNativeTarget "OutbreakMatches" */ = {
			isa = XCConfigurationList;
			buildConfigurations = (
				3172DDE22EF0F78500698910 /* Debug */,
				3172DDE32EF0F78500698910 /* Release */,
			);
			defaultConfigurationIsVisible = 0;
			defaultConfigurationName = Release;
		};
		3172DDE62EF0F78500698910 /* Build configuration list for PBXNativeTarget "OutbreakMatchesTests" */ = {
			isa = XCConfigurationList;
			buildConfigurations = (
				3172DDE72EF0F78500698910 /* Debug */,
				3172DDE82EF0F78500698910 /* Release */,
			);
			defaultConfigurationIsVisible = 0;
			defaultConfigurationName = Release;
		};
		3172DDE92EF0F78500698910 /* Build configuration list for PBXNativeTarget "OutbreakMatchesUITests" */ = {
			isa = XCConfigurationList;
			buildConfigurations = (
				3172DDEA2EF0F78500698910 /* Debug */,
				3172DDEB2EF0F78500698910 /* Release */,
			);
			defaultConfigurationIsVisible = 0;
			defaultConfigurationName = Release;
		};
/* End XCConfigurationList section */
	};
	rootObject = 3172DDB02EF0F78300698910 /* Project object */;
}
